
Microsoft Visual Studio Solution File, Format Version 12.00
# Visual Studio Version 16
VisualStudioVersion = 16.0.30413.136
MinimumVisualStudioVersion = 10.0.40219.1
Project("{8BC9CEB8-8B4A-11D0-8D11-00A0C91BC942}") = "HXHookMainDlg", "HXHookMainDlg\HXHookMainDlg.vcxproj", "{FC129CA2-B976-4425-9E27-88214DFFE008}"
EndProject
Project("{8BC9CEB8-8B4A-11D0-8D11-00A0C91BC942}") = "HXAdd", "HXAdd\HXAdd.vcxproj", "{E4F07F92-A133-4B4A-952F-9C9C4C9E24E0}"
EndProject
Project("{8BC9CEB8-8B4A-11D0-8D11-00A0C91BC942}") = "HXHookDll", "HXHookDll\HXHookDll.vcxproj", "{6B72FA38-7330-4472-B1AA-29C58B5B212B}"
EndProject
Project("{8BC9CEB8-8B4A-11D0-8D11-00A0C91BC942}") = "HXSpy", "HXSpy\HXSpy.vcxproj", "{C0A01635-6411-4B35-8376-BFFC8C215DF6}"
EndProject
Project("{8BC9CEB8-8B4A-11D0-8D11-00A0C91BC942}") = "HXInjectionGetMessage", "HXInjectionGetMessage\HXInjectionGetMessage.vcxproj", "{A00EFD29-2D46-409D-95BB-0CAFBC7D4D96}"
EndProject
Project("{8BC9CEB8-8B4A-11D0-8D11-00A0C91BC942}") = "22-LastMsgBoxInfo", "22-LastMsgBoxInfo\22-LastMsgBoxInfo.vcxproj", "{6CFDF6DA-9EE2-4AFB-95CE-E3FBFF253BEE}"
EndProject
Project("{8BC9CEB8-8B4A-11D0-8D11-00A0C91BC942}") = "22-LastMsgBoxInfoLib", "22-LastMsgBoxInfoLib\22-LastMsgBoxInfoLib.vcxproj", "{D24E1FEF-4501-4052-A6FA-DB091249D90A}"
EndProject
Project("{8BC9CEB8-8B4A-11D0-8D11-00A0C91BC942}") = "HXDriver", "HXDriver\HXDriver.vcxproj", "{1099E09D-B069-4C4F-A49B-8A41D569A08F}"
EndProject
Project("{8BC9CEB8-8B4A-11D0-8D11-00A0C91BC942}") = "HXDriverDemo", "HXDriverDemo\HXDriverDemo.vcxproj", "{F329A330-6198-4146-9AE0-4065B2711783}"
EndProject
Project("{8BC9CEB8-8B4A-11D0-8D11-00A0C91BC942}") = "HXFileFastFind", "HXFileFastFind\HXFileFastFind.vcxproj", "{CE855BC3-2C47-4575-A2B4-EC06F8D8B8D9}"
EndProject
Project("{8BC9CEB8-8B4A-11D0-8D11-00A0C91BC942}") = "HXFileFastFindDll", "HXFileFastFindDll\HXFileFastFindDll.vcxproj", "{73912CCF-5FC7-4493-817A-4DD2C3D27B76}"
EndProject
Project("{8BC9CEB8-8B4A-11D0-8D11-00A0C91BC942}") = "HXFileFastFindWnd", "HXFileFastFindWnd\HXFileFastFindWnd.vcxproj", "{11ABC084-9B76-46ED-8EF7-296B1A7C3755}"
	ProjectSection(ProjectDependencies) = postProject
		{73912CCF-5FC7-4493-817A-4DD2C3D27B76} = {73912CCF-5FC7-4493-817A-4DD2C3D27B76}
	EndProjectSection
EndProject
Project("{8BC9CEB8-8B4A-11D0-8D11-00A0C91BC942}") = "CHX001_Winsvc", "CHX001_Winsvc\CHX001_Winsvc.vcxproj", "{7C8B2513-E2AA-4960-9FE7-FF928AA073B1}"
EndProject
Project("{8BC9CEB8-8B4A-11D0-8D11-00A0C91BC942}") = "C++11", "C++11\C++11.vcxproj", "{4B4F7402-C745-4291-8C04-542741169AD4}"
EndProject
Project("{8BC9CEB8-8B4A-11D0-8D11-00A0C91BC942}") = "HXFireWallCore", "HXFireWallCore\HXFireWallCore.vcxproj", "{95A53CAD-4B00-426D-B09F-DBB46F8199AF}"
EndProject
Project("{8BC9CEB8-8B4A-11D0-8D11-00A0C91BC942}") = "HXNetwork", "HXNetwork\HXNetwork.vcxproj", "{335F5D00-2CA8-4351-9BD8-76B6BC2BBFA0}"
EndProject
Project("{8BC9CEB8-8B4A-11D0-8D11-00A0C91BC942}") = "ConsoleApplication1", "ConsoleApplication1\ConsoleApplication1.vcxproj", "{0D69BFFA-471E-4D53-87D7-83FE608CAB6A}"
EndProject
Global
	GlobalSection(SolutionConfigurationPlatforms) = preSolution
		Debug|ARM = Debug|ARM
		Debug|ARM64 = Debug|ARM64
		Debug|x64 = Debug|x64
		Debug|x86 = Debug|x86
		Release|ARM = Release|ARM
		Release|ARM64 = Release|ARM64
		Release|x64 = Release|x64
		Release|x86 = Release|x86
	EndGlobalSection
	GlobalSection(ProjectConfigurationPlatforms) = postSolution
		{FC129CA2-B976-4425-9E27-88214DFFE008}.Debug|ARM.ActiveCfg = Debug|Win32
		{FC129CA2-B976-4425-9E27-88214DFFE008}.Debug|ARM64.ActiveCfg = Debug|Win32
		{FC129CA2-B976-4425-9E27-88214DFFE008}.Debug|x64.ActiveCfg = Debug|x64
		{FC129CA2-B976-4425-9E27-88214DFFE008}.Debug|x64.Build.0 = Debug|x64
		{FC129CA2-B976-4425-9E27-88214DFFE008}.Debug|x86.ActiveCfg = Debug|Win32
		{FC129CA2-B976-4425-9E27-88214DFFE008}.Debug|x86.Build.0 = Debug|Win32
		{FC129CA2-B976-4425-9E27-88214DFFE008}.Release|ARM.ActiveCfg = Release|Win32
		{FC129CA2-B976-4425-9E27-88214DFFE008}.Release|ARM64.ActiveCfg = Release|Win32
		{FC129CA2-B976-4425-9E27-88214DFFE008}.Release|x64.ActiveCfg = Release|x64
		{FC129CA2-B976-4425-9E27-88214DFFE008}.Release|x64.Build.0 = Release|x64
		{FC129CA2-B976-4425-9E27-88214DFFE008}.Release|x86.ActiveCfg = Release|Win32
		{FC129CA2-B976-4425-9E27-88214DFFE008}.Release|x86.Build.0 = Release|Win32
		{E4F07F92-A133-4B4A-952F-9C9C4C9E24E0}.Debug|ARM.ActiveCfg = Debug|Win32
		{E4F07F92-A133-4B4A-952F-9C9C4C9E24E0}.Debug|ARM64.ActiveCfg = Debug|Win32
		{E4F07F92-A133-4B4A-952F-9C9C4C9E24E0}.Debug|x64.ActiveCfg = Debug|x64
		{E4F07F92-A133-4B4A-952F-9C9C4C9E24E0}.Debug|x64.Build.0 = Debug|x64
		{E4F07F92-A133-4B4A-952F-9C9C4C9E24E0}.Debug|x86.ActiveCfg = Debug|Win32
		{E4F07F92-A133-4B4A-952F-9C9C4C9E24E0}.Debug|x86.Build.0 = Debug|Win32
		{E4F07F92-A133-4B4A-952F-9C9C4C9E24E0}.Release|ARM.ActiveCfg = Release|Win32
		{E4F07F92-A133-4B4A-952F-9C9C4C9E24E0}.Release|ARM64.ActiveCfg = Release|Win32
		{E4F07F92-A133-4B4A-952F-9C9C4C9E24E0}.Release|x64.ActiveCfg = Release|x64
		{E4F07F92-A133-4B4A-952F-9C9C4C9E24E0}.Release|x64.Build.0 = Release|x64
		{E4F07F92-A133-4B4A-952F-9C9C4C9E24E0}.Release|x86.ActiveCfg = Release|Win32
		{E4F07F92-A133-4B4A-952F-9C9C4C9E24E0}.Release|x86.Build.0 = Release|Win32
		{6B72FA38-7330-4472-B1AA-29C58B5B212B}.Debug|ARM.ActiveCfg = Debug|Win32
		{6B72FA38-7330-4472-B1AA-29C58B5B212B}.Debug|ARM64.ActiveCfg = Debug|Win32
		{6B72FA38-7330-4472-B1AA-29C58B5B212B}.Debug|x64.ActiveCfg = Debug|x64
		{6B72FA38-7330-4472-B1AA-29C58B5B212B}.Debug|x64.Build.0 = Debug|x64
		{6B72FA38-7330-4472-B1AA-29C58B5B212B}.Debug|x86.ActiveCfg = Debug|Win32
		{6B72FA38-7330-4472-B1AA-29C58B5B212B}.Debug|x86.Build.0 = Debug|Win32
		{6B72FA38-7330-4472-B1AA-29C58B5B212B}.Release|ARM.ActiveCfg = Release|Win32
		{6B72FA38-7330-4472-B1AA-29C58B5B212B}.Release|ARM64.ActiveCfg = Release|Win32
		{6B72FA38-7330-4472-B1AA-29C58B5B212B}.Release|x64.ActiveCfg = Release|x64
		{6B72FA38-7330-4472-B1AA-29C58B5B212B}.Release|x64.Build.0 = Release|x64
		{6B72FA38-7330-4472-B1AA-29C58B5B212B}.Release|x86.ActiveCfg = Release|Win32
		{6B72FA38-7330-4472-B1AA-29C58B5B212B}.Release|x86.Build.0 = Release|Win32
		{C0A01635-6411-4B35-8376-BFFC8C215DF6}.Debug|ARM.ActiveCfg = Debug|Win32
		{C0A01635-6411-4B35-8376-BFFC8C215DF6}.Debug|ARM64.ActiveCfg = Debug|Win32
		{C0A01635-6411-4B35-8376-BFFC8C215DF6}.Debug|x64.ActiveCfg = Debug|x64
		{C0A01635-6411-4B35-8376-BFFC8C215DF6}.Debug|x64.Build.0 = Debug|x64
		{C0A01635-6411-4B35-8376-BFFC8C215DF6}.Debug|x86.ActiveCfg = Debug|Win32
		{C0A01635-6411-4B35-8376-BFFC8C215DF6}.Debug|x86.Build.0 = Debug|Win32
		{C0A01635-6411-4B35-8376-BFFC8C215DF6}.Release|ARM.ActiveCfg = Release|Win32
		{C0A01635-6411-4B35-8376-BFFC8C215DF6}.Release|ARM64.ActiveCfg = Release|Win32
		{C0A01635-6411-4B35-8376-BFFC8C215DF6}.Release|x64.ActiveCfg = Release|x64
		{C0A01635-6411-4B35-8376-BFFC8C215DF6}.Release|x64.Build.0 = Release|x64
		{C0A01635-6411-4B35-8376-BFFC8C215DF6}.Release|x86.ActiveCfg = Release|Win32
		{C0A01635-6411-4B35-8376-BFFC8C215DF6}.Release|x86.Build.0 = Release|Win32
		{A00EFD29-2D46-409D-95BB-0CAFBC7D4D96}.Debug|ARM.ActiveCfg = Debug|Win32
		{A00EFD29-2D46-409D-95BB-0CAFBC7D4D96}.Debug|ARM64.ActiveCfg = Debug|Win32
		{A00EFD29-2D46-409D-95BB-0CAFBC7D4D96}.Debug|x64.ActiveCfg = Debug|x64
		{A00EFD29-2D46-409D-95BB-0CAFBC7D4D96}.Debug|x64.Build.0 = Debug|x64
		{A00EFD29-2D46-409D-95BB-0CAFBC7D4D96}.Debug|x86.ActiveCfg = Debug|Win32
		{A00EFD29-2D46-409D-95BB-0CAFBC7D4D96}.Debug|x86.Build.0 = Debug|Win32
		{A00EFD29-2D46-409D-95BB-0CAFBC7D4D96}.Release|ARM.ActiveCfg = Release|Win32
		{A00EFD29-2D46-409D-95BB-0CAFBC7D4D96}.Release|ARM64.ActiveCfg = Release|Win32
		{A00EFD29-2D46-409D-95BB-0CAFBC7D4D96}.Release|x64.ActiveCfg = Release|x64
		{A00EFD29-2D46-409D-95BB-0CAFBC7D4D96}.Release|x64.Build.0 = Release|x64
		{A00EFD29-2D46-409D-95BB-0CAFBC7D4D96}.Release|x86.ActiveCfg = Release|Win32
		{A00EFD29-2D46-409D-95BB-0CAFBC7D4D96}.Release|x86.Build.0 = Release|Win32
		{6CFDF6DA-9EE2-4AFB-95CE-E3FBFF253BEE}.Debug|ARM.ActiveCfg = Debug|Win32
		{6CFDF6DA-9EE2-4AFB-95CE-E3FBFF253BEE}.Debug|ARM64.ActiveCfg = Debug|Win32
		{6CFDF6DA-9EE2-4AFB-95CE-E3FBFF253BEE}.Debug|x64.ActiveCfg = Debug|x64
		{6CFDF6DA-9EE2-4AFB-95CE-E3FBFF253BEE}.Debug|x64.Build.0 = Debug|x64
		{6CFDF6DA-9EE2-4AFB-95CE-E3FBFF253BEE}.Debug|x86.ActiveCfg = Debug|Win32
		{6CFDF6DA-9EE2-4AFB-95CE-E3FBFF253BEE}.Debug|x86.Build.0 = Debug|Win32
		{6CFDF6DA-9EE2-4AFB-95CE-E3FBFF253BEE}.Release|ARM.ActiveCfg = Release|Win32
		{6CFDF6DA-9EE2-4AFB-95CE-E3FBFF253BEE}.Release|ARM64.ActiveCfg = Release|Win32
		{6CFDF6DA-9EE2-4AFB-95CE-E3FBFF253BEE}.Release|x64.ActiveCfg = Release|x64
		{6CFDF6DA-9EE2-4AFB-95CE-E3FBFF253BEE}.Release|x64.Build.0 = Release|x64
		{6CFDF6DA-9EE2-4AFB-95CE-E3FBFF253BEE}.Release|x86.ActiveCfg = Release|Win32
		{6CFDF6DA-9EE2-4AFB-95CE-E3FBFF253BEE}.Release|x86.Build.0 = Release|Win32
		{D24E1FEF-4501-4052-A6FA-DB091249D90A}.Debug|ARM.ActiveCfg = Debug|Win32
		{D24E1FEF-4501-4052-A6FA-DB091249D90A}.Debug|ARM64.ActiveCfg = Debug|Win32
		{D24E1FEF-4501-4052-A6FA-DB091249D90A}.Debug|x64.ActiveCfg = Debug|x64
		{D24E1FEF-4501-4052-A6FA-DB091249D90A}.Debug|x64.Build.0 = Debug|x64
		{D24E1FEF-4501-4052-A6FA-DB091249D90A}.Debug|x86.ActiveCfg = Debug|Win32
		{D24E1FEF-4501-4052-A6FA-DB091249D90A}.Debug|x86.Build.0 = Debug|Win32
		{D24E1FEF-4501-4052-A6FA-DB091249D90A}.Release|ARM.ActiveCfg = Release|Win32
		{D24E1FEF-4501-4052-A6FA-DB091249D90A}.Release|ARM64.ActiveCfg = Release|Win32
		{D24E1FEF-4501-4052-A6FA-DB091249D90A}.Release|x64.ActiveCfg = Release|x64
		{D24E1FEF-4501-4052-A6FA-DB091249D90A}.Release|x64.Build.0 = Release|x64
		{D24E1FEF-4501-4052-A6FA-DB091249D90A}.Release|x86.ActiveCfg = Release|Win32
		{D24E1FEF-4501-4052-A6FA-DB091249D90A}.Release|x86.Build.0 = Release|Win32
		{1099E09D-B069-4C4F-A49B-8A41D569A08F}.Debug|ARM.ActiveCfg = Debug|ARM
		{1099E09D-B069-4C4F-A49B-8A41D569A08F}.Debug|ARM.Build.0 = Debug|ARM
		{1099E09D-B069-4C4F-A49B-8A41D569A08F}.Debug|ARM.Deploy.0 = Debug|ARM
		{1099E09D-B069-4C4F-A49B-8A41D569A08F}.Debug|ARM64.ActiveCfg = Debug|ARM64
		{1099E09D-B069-4C4F-A49B-8A41D569A08F}.Debug|ARM64.Build.0 = Debug|ARM64
		{1099E09D-B069-4C4F-A49B-8A41D569A08F}.Debug|ARM64.Deploy.0 = Debug|ARM64
		{1099E09D-B069-4C4F-A49B-8A41D569A08F}.Debug|x64.ActiveCfg = Debug|x64
		{1099E09D-B069-4C4F-A49B-8A41D569A08F}.Debug|x64.Build.0 = Debug|x64
		{1099E09D-B069-4C4F-A49B-8A41D569A08F}.Debug|x64.Deploy.0 = Debug|x64
		{1099E09D-B069-4C4F-A49B-8A41D569A08F}.Debug|x86.ActiveCfg = Debug|Win32
		{1099E09D-B069-4C4F-A49B-8A41D569A08F}.Debug|x86.Build.0 = Debug|Win32
		{1099E09D-B069-4C4F-A49B-8A41D569A08F}.Debug|x86.Deploy.0 = Debug|Win32
		{1099E09D-B069-4C4F-A49B-8A41D569A08F}.Release|ARM.ActiveCfg = Release|ARM
		{1099E09D-B069-4C4F-A49B-8A41D569A08F}.Release|ARM.Build.0 = Release|ARM
		{1099E09D-B069-4C4F-A49B-8A41D569A08F}.Release|ARM.Deploy.0 = Release|ARM
		{1099E09D-B069-4C4F-A49B-8A41D569A08F}.Release|ARM64.ActiveCfg = Release|ARM64
		{1099E09D-B069-4C4F-A49B-8A41D569A08F}.Release|ARM64.Build.0 = Release|ARM64
		{1099E09D-B069-4C4F-A49B-8A41D569A08F}.Release|ARM64.Deploy.0 = Release|ARM64
		{1099E09D-B069-4C4F-A49B-8A41D569A08F}.Release|x64.ActiveCfg = Release|x64
		{1099E09D-B069-4C4F-A49B-8A41D569A08F}.Release|x64.Build.0 = Release|x64
		{1099E09D-B069-4C4F-A49B-8A41D569A08F}.Release|x64.Deploy.0 = Release|x64
		{1099E09D-B069-4C4F-A49B-8A41D569A08F}.Release|x86.ActiveCfg = Release|Win32
		{1099E09D-B069-4C4F-A49B-8A41D569A08F}.Release|x86.Build.0 = Release|Win32
		{1099E09D-B069-4C4F-A49B-8A41D569A08F}.Release|x86.Deploy.0 = Release|Win32
		{F329A330-6198-4146-9AE0-4065B2711783}.Debug|ARM.ActiveCfg = Debug|ARM
		{F329A330-6198-4146-9AE0-4065B2711783}.Debug|ARM.Build.0 = Debug|ARM
		{F329A330-6198-4146-9AE0-4065B2711783}.Debug|ARM.Deploy.0 = Debug|ARM
		{F329A330-6198-4146-9AE0-4065B2711783}.Debug|ARM64.ActiveCfg = Debug|ARM64
		{F329A330-6198-4146-9AE0-4065B2711783}.Debug|ARM64.Build.0 = Debug|ARM64
		{F329A330-6198-4146-9AE0-4065B2711783}.Debug|ARM64.Deploy.0 = Debug|ARM64
		{F329A330-6198-4146-9AE0-4065B2711783}.Debug|x64.ActiveCfg = Debug|x64
		{F329A330-6198-4146-9AE0-4065B2711783}.Debug|x64.Build.0 = Debug|x64
		{F329A330-6198-4146-9AE0-4065B2711783}.Debug|x64.Deploy.0 = Debug|x64
		{F329A330-6198-4146-9AE0-4065B2711783}.Debug|x86.ActiveCfg = Debug|Win32
		{F329A330-6198-4146-9AE0-4065B2711783}.Debug|x86.Build.0 = Debug|Win32
		{F329A330-6198-4146-9AE0-4065B2711783}.Debug|x86.Deploy.0 = Debug|Win32
		{F329A330-6198-4146-9AE0-4065B2711783}.Release|ARM.ActiveCfg = Release|ARM
		{F329A330-6198-4146-9AE0-4065B2711783}.Release|ARM.Build.0 = Release|ARM
		{F329A330-6198-4146-9AE0-4065B2711783}.Release|ARM.Deploy.0 = Release|ARM
		{F329A330-6198-4146-9AE0-4065B2711783}.Release|ARM64.ActiveCfg = Release|ARM64
		{F329A330-6198-4146-9AE0-4065B2711783}.Release|ARM64.Build.0 = Release|ARM64
		{F329A330-6198-4146-9AE0-4065B2711783}.Release|ARM64.Deploy.0 = Release|ARM64
		{F329A330-6198-4146-9AE0-4065B2711783}.Release|x64.ActiveCfg = Release|x64
		{F329A330-6198-4146-9AE0-4065B2711783}.Release|x64.Build.0 = Release|x64
		{F329A330-6198-4146-9AE0-4065B2711783}.Release|x64.Deploy.0 = Release|x64
		{F329A330-6198-4146-9AE0-4065B2711783}.Release|x86.ActiveCfg = Release|Win32
		{F329A330-6198-4146-9AE0-4065B2711783}.Release|x86.Build.0 = Release|Win32
		{F329A330-6198-4146-9AE0-4065B2711783}.Release|x86.Deploy.0 = Release|Win32
		{CE855BC3-2C47-4575-A2B4-EC06F8D8B8D9}.Debug|ARM.ActiveCfg = Debug|Win32
		{CE855BC3-2C47-4575-A2B4-EC06F8D8B8D9}.Debug|ARM64.ActiveCfg = Debug|Win32
		{CE855BC3-2C47-4575-A2B4-EC06F8D8B8D9}.Debug|x64.ActiveCfg = Debug|x64
		{CE855BC3-2C47-4575-A2B4-EC06F8D8B8D9}.Debug|x64.Build.0 = Debug|x64
		{CE855BC3-2C47-4575-A2B4-EC06F8D8B8D9}.Debug|x86.ActiveCfg = Debug|Win32
		{CE855BC3-2C47-4575-A2B4-EC06F8D8B8D9}.Debug|x86.Build.0 = Debug|Win32
		{CE855BC3-2C47-4575-A2B4-EC06F8D8B8D9}.Release|ARM.ActiveCfg = Release|Win32
		{CE855BC3-2C47-4575-A2B4-EC06F8D8B8D9}.Release|ARM64.ActiveCfg = Release|Win32
		{CE855BC3-2C47-4575-A2B4-EC06F8D8B8D9}.Release|x64.ActiveCfg = Release|x64
		{CE855BC3-2C47-4575-A2B4-EC06F8D8B8D9}.Release|x64.Build.0 = Release|x64
		{CE855BC3-2C47-4575-A2B4-EC06F8D8B8D9}.Release|x86.ActiveCfg = Release|Win32
		{CE855BC3-2C47-4575-A2B4-EC06F8D8B8D9}.Release|x86.Build.0 = Release|Win32
		{73912CCF-5FC7-4493-817A-4DD2C3D27B76}.Debug|ARM.ActiveCfg = Debug|Win32
		{73912CCF-5FC7-4493-817A-4DD2C3D27B76}.Debug|ARM64.ActiveCfg = Debug|Win32
		{73912CCF-5FC7-4493-817A-4DD2C3D27B76}.Debug|x64.ActiveCfg = Debug|x64
		{73912CCF-5FC7-4493-817A-4DD2C3D27B76}.Debug|x64.Build.0 = Debug|x64
		{73912CCF-5FC7-4493-817A-4DD2C3D27B76}.Debug|x86.ActiveCfg = Debug|Win32
		{73912CCF-5FC7-4493-817A-4DD2C3D27B76}.Debug|x86.Build.0 = Debug|Win32
		{73912CCF-5FC7-4493-817A-4DD2C3D27B76}.Release|ARM.ActiveCfg = Release|Win32
		{73912CCF-5FC7-4493-817A-4DD2C3D27B76}.Release|ARM64.ActiveCfg = Release|Win32
		{73912CCF-5FC7-4493-817A-4DD2C3D27B76}.Release|x64.ActiveCfg = Release|x64
		{73912CCF-5FC7-4493-817A-4DD2C3D27B76}.Release|x64.Build.0 = Release|x64
		{73912CCF-5FC7-4493-817A-4DD2C3D27B76}.Release|x86.ActiveCfg = Release|Win32
		{73912CCF-5FC7-4493-817A-4DD2C3D27B76}.Release|x86.Build.0 = Release|Win32
		{11ABC084-9B76-46ED-8EF7-296B1A7C3755}.Debug|ARM.ActiveCfg = Debug|Win32
		{11ABC084-9B76-46ED-8EF7-296B1A7C3755}.Debug|ARM64.ActiveCfg = Debug|Win32
		{11ABC084-9B76-46ED-8EF7-296B1A7C3755}.Debug|x64.ActiveCfg = Debug|x64
		{11ABC084-9B76-46ED-8EF7-296B1A7C3755}.Debug|x64.Build.0 = Debug|x64
		{11ABC084-9B76-46ED-8EF7-296B1A7C3755}.Debug|x86.ActiveCfg = Debug|Win32
		{11ABC084-9B76-46ED-8EF7-296B1A7C3755}.Debug|x86.Build.0 = Debug|Win32
		{11ABC084-9B76-46ED-8EF7-296B1A7C3755}.Release|ARM.ActiveCfg = Release|Win32
		{11ABC084-9B76-46ED-8EF7-296B1A7C3755}.Release|ARM64.ActiveCfg = Release|Win32
		{11ABC084-9B76-46ED-8EF7-296B1A7C3755}.Release|x64.ActiveCfg = Release|x64
		{11ABC084-9B76-46ED-8EF7-296B1A7C3755}.Release|x64.Build.0 = Release|x64
		{11ABC084-9B76-46ED-8EF7-296B1A7C3755}.Release|x86.ActiveCfg = Release|Win32
		{11ABC084-9B76-46ED-8EF7-296B1A7C3755}.Release|x86.Build.0 = Release|Win32
		{7C8B2513-E2AA-4960-9FE7-FF928AA073B1}.Debug|ARM.ActiveCfg = Debug|Win32
		{7C8B2513-E2AA-4960-9FE7-FF928AA073B1}.Debug|ARM64.ActiveCfg = Debug|Win32
		{7C8B2513-E2AA-4960-9FE7-FF928AA073B1}.Debug|x64.ActiveCfg = Debug|x64
		{7C8B2513-E2AA-4960-9FE7-FF928AA073B1}.Debug|x64.Build.0 = Debug|x64
		{7C8B2513-E2AA-4960-9FE7-FF928AA073B1}.Debug|x86.ActiveCfg = Debug|Win32
		{7C8B2513-E2AA-4960-9FE7-FF928AA073B1}.Debug|x86.Build.0 = Debug|Win32
		{7C8B2513-E2AA-4960-9FE7-FF928AA073B1}.Release|ARM.ActiveCfg = Release|Win32
		{7C8B2513-E2AA-4960-9FE7-FF928AA073B1}.Release|ARM64.ActiveCfg = Release|Win32
		{7C8B2513-E2AA-4960-9FE7-FF928AA073B1}.Release|x64.ActiveCfg = Release|x64
		{7C8B2513-E2AA-4960-9FE7-FF928AA073B1}.Release|x64.Build.0 = Release|x64
		{7C8B2513-E2AA-4960-9FE7-FF928AA073B1}.Release|x86.ActiveCfg = Release|Win32
		{7C8B2513-E2AA-4960-9FE7-FF928AA073B1}.Release|x86.Build.0 = Release|Win32
		{4B4F7402-C745-4291-8C04-542741169AD4}.Debug|ARM.ActiveCfg = Debug|Win32
		{4B4F7402-C745-4291-8C04-542741169AD4}.Debug|ARM64.ActiveCfg = Debug|Win32
		{4B4F7402-C745-4291-8C04-542741169AD4}.Debug|x64.ActiveCfg = Debug|x64
		{4B4F7402-C745-4291-8C04-542741169AD4}.Debug|x64.Build.0 = Debug|x64
		{4B4F7402-C745-4291-8C04-542741169AD4}.Debug|x86.ActiveCfg = Debug|Win32
		{4B4F7402-C745-4291-8C04-542741169AD4}.Debug|x86.Build.0 = Debug|Win32
		{4B4F7402-C745-4291-8C04-542741169AD4}.Release|ARM.ActiveCfg = Release|Win32
		{4B4F7402-C745-4291-8C04-542741169AD4}.Release|ARM64.ActiveCfg = Release|Win32
		{4B4F7402-C745-4291-8C04-542741169AD4}.Release|x64.ActiveCfg = Release|x64
		{4B4F7402-C745-4291-8C04-542741169AD4}.Release|x64.Build.0 = Release|x64
		{4B4F7402-C745-4291-8C04-542741169AD4}.Release|x86.ActiveCfg = Release|Win32
		{4B4F7402-C745-4291-8C04-542741169AD4}.Release|x86.Build.0 = Release|Win32
		{95A53CAD-4B00-426D-B09F-DBB46F8199AF}.Debug|ARM.ActiveCfg = Debug|Win32
		{95A53CAD-4B00-426D-B09F-DBB46F8199AF}.Debug|ARM64.ActiveCfg = Debug|Win32
		{95A53CAD-4B00-426D-B09F-DBB46F8199AF}.Debug|x64.ActiveCfg = Debug|x64
		{95A53CAD-4B00-426D-B09F-DBB46F8199AF}.Debug|x64.Build.0 = Debug|x64
		{95A53CAD-4B00-426D-B09F-DBB46F8199AF}.Debug|x86.ActiveCfg = Debug|Win32
		{95A53CAD-4B00-426D-B09F-DBB46F8199AF}.Debug|x86.Build.0 = Debug|Win32
		{95A53CAD-4B00-426D-B09F-DBB46F8199AF}.Release|ARM.ActiveCfg = Release|Win32
		{95A53CAD-4B00-426D-B09F-DBB46F8199AF}.Release|ARM64.ActiveCfg = Release|Win32
		{95A53CAD-4B00-426D-B09F-DBB46F8199AF}.Release|x64.ActiveCfg = Release|x64
		{95A53CAD-4B00-426D-B09F-DBB46F8199AF}.Release|x64.Build.0 = Release|x64
		{95A53CAD-4B00-426D-B09F-DBB46F8199AF}.Release|x86.ActiveCfg = Release|Win32
		{95A53CAD-4B00-426D-B09F-DBB46F8199AF}.Release|x86.Build.0 = Release|Win32
		{335F5D00-2CA8-4351-9BD8-76B6BC2BBFA0}.Debug|ARM.ActiveCfg = Debug|Win32
		{335F5D00-2CA8-4351-9BD8-76B6BC2BBFA0}.Debug|ARM64.ActiveCfg = Debug|Win32
		{335F5D00-2CA8-4351-9BD8-76B6BC2BBFA0}.Debug|x64.ActiveCfg = Debug|x64
		{335F5D00-2CA8-4351-9BD8-76B6BC2BBFA0}.Debug|x64.Build.0 = Debug|x64
		{335F5D00-2CA8-4351-9BD8-76B6BC2BBFA0}.Debug|x86.ActiveCfg = Debug|Win32
		{335F5D00-2CA8-4351-9BD8-76B6BC2BBFA0}.Debug|x86.Build.0 = Debug|Win32
		{335F5D00-2CA8-4351-9BD8-76B6BC2BBFA0}.Release|ARM.ActiveCfg = Release|Win32
		{335F5D00-2CA8-4351-9BD8-76B6BC2BBFA0}.Release|ARM64.ActiveCfg = Release|Win32
		{335F5D00-2CA8-4351-9BD8-76B6BC2BBFA0}.Release|x64.ActiveCfg = Release|x64
		{335F5D00-2CA8-4351-9BD8-76B6BC2BBFA0}.Release|x64.Build.0 = Release|x64
		{335F5D00-2CA8-4351-9BD8-76B6BC2BBFA0}.Release|x86.ActiveCfg = Release|Win32
		{335F5D00-2CA8-4351-9BD8-76B6BC2BBFA0}.Release|x86.Build.0 = Release|Win32
		{0D69BFFA-471E-4D53-87D7-83FE608CAB6A}.Debug|ARM.ActiveCfg = Debug|Win32
		{0D69BFFA-471E-4D53-87D7-83FE608CAB6A}.Debug|ARM64.ActiveCfg = Debug|Win32
		{0D69BFFA-471E-4D53-87D7-83FE608CAB6A}.Debug|x64.ActiveCfg = Debug|x64
		{0D69BFFA-471E-4D53-87D7-83FE608CAB6A}.Debug|x64.Build.0 = Debug|x64
		{0D69BFFA-471E-4D53-87D7-83FE608CAB6A}.Debug|x86.ActiveCfg = Debug|Win32
		{0D69BFFA-471E-4D53-87D7-83FE608CAB6A}.Debug|x86.Build.0 = Debug|Win32
		{0D69BFFA-471E-4D53-87D7-83FE608CAB6A}.Release|ARM.ActiveCfg = Release|Win32
		{0D69BFFA-471E-4D53-87D7-83FE608CAB6A}.Release|ARM64.ActiveCfg = Release|Win32
		{0D69BFFA-471E-4D53-87D7-83FE608CAB6A}.Release|x64.ActiveCfg = Release|x64
		{0D69BFFA-471E-4D53-87D7-83FE608CAB6A}.Release|x64.Build.0 = Release|x64
		{0D69BFFA-471E-4D53-87D7-83FE608CAB6A}.Release|x86.ActiveCfg = Release|Win32
		{0D69BFFA-471E-4D53-87D7-83FE608CAB6A}.Release|x86.Build.0 = Release|Win32
	EndGlobalSection
	GlobalSection(SolutionProperties) = preSolution
		HideSolutionNode = FALSE
	EndGlobalSection
	GlobalSection(ExtensibilityGlobals) = postSolution
		SolutionGuid = {B692079B-EEDD-46E5-9EEB-C529FED0CAE6}
	EndGlobalSection
EndGlobal
