
Microsoft Visual Studio Solution File, Format Version 12.00
# Visual Studio 15
VisualStudioVersion = 15.0.28010.2046
MinimumVisualStudioVersion = 10.0.40219.1
Project("{8BC9CEB8-8B4A-11D0-8D11-00A0C91BC942}") = "HXHookMainDlg", "HXHookMainDlg\HXHookMainDlg.vcxproj", "{FC129CA2-B976-4425-9E27-88214DFFE008}"
EndProject
Project("{8BC9CEB8-8B4A-11D0-8D11-00A0C91BC942}") = "HXAdd", "HXAdd\HXAdd.vcxproj", "{E4F07F92-A133-4B4A-952F-9C9C4C9E24E0}"
EndProject
Project("{8BC9CEB8-8B4A-11D0-8D11-00A0C91BC942}") = "HXHookDll", "HXHookDll\HXHookDll.vcxproj", "{6B72FA38-7330-4472-B1AA-29C58B5B212B}"
EndProject
Project("{8BC9CEB8-8B4A-11D0-8D11-00A0C91BC942}") = "HXSpy", "HXSpy\HXSpy.vcxproj", "{C0A01635-6411-4B35-8376-BFFC8C215DF6}"
EndProject
Project("{8BC9CEB8-8B4A-11D0-8D11-00A0C91BC942}") = "HXInjectionGetMessage", "HXInjectionGetMessage\HXInjectionGetMessage.vcxproj", "{A00EFD29-2D46-409D-95BB-0CAFBC7D4D96}"
EndProject
Project("{8BC9CEB8-8B4A-11D0-8D11-00A0C91BC942}") = "22-LastMsgBoxInfo", "22-LastMsgBoxInfo\22-LastMsgBoxInfo.vcxproj", "{6CFDF6DA-9EE2-4AFB-95CE-E3FBFF253BEE}"
EndProject
Project("{8BC9CEB8-8B4A-11D0-8D11-00A0C91BC942}") = "22-LastMsgBoxInfoLib", "22-LastMsgBoxInfoLib\22-LastMsgBoxInfoLib.vcxproj", "{D24E1FEF-4501-4052-A6FA-DB091249D90A}"
EndProject
Global
	GlobalSection(SolutionConfigurationPlatforms) = preSolution
		Debug|x64 = Debug|x64
		Debug|x86 = Debug|x86
		Release|x64 = Release|x64
		Release|x86 = Release|x86
	EndGlobalSection
	GlobalSection(ProjectConfigurationPlatforms) = postSolution
		{FC129CA2-B976-4425-9E27-88214DFFE008}.Debug|x64.ActiveCfg = Debug|x64
		{FC129CA2-B976-4425-9E27-88214DFFE008}.Debug|x64.Build.0 = Debug|x64
		{FC129CA2-B976-4425-9E27-88214DFFE008}.Debug|x86.ActiveCfg = Debug|Win32
		{FC129CA2-B976-4425-9E27-88214DFFE008}.Debug|x86.Build.0 = Debug|Win32
		{FC129CA2-B976-4425-9E27-88214DFFE008}.Release|x64.ActiveCfg = Release|x64
		{FC129CA2-B976-4425-9E27-88214DFFE008}.Release|x64.Build.0 = Release|x64
		{FC129CA2-B976-4425-9E27-88214DFFE008}.Release|x86.ActiveCfg = Release|Win32
		{FC129CA2-B976-4425-9E27-88214DFFE008}.Release|x86.Build.0 = Release|Win32
		{E4F07F92-A133-4B4A-952F-9C9C4C9E24E0}.Debug|x64.ActiveCfg = Debug|x64
		{E4F07F92-A133-4B4A-952F-9C9C4C9E24E0}.Debug|x64.Build.0 = Debug|x64
		{E4F07F92-A133-4B4A-952F-9C9C4C9E24E0}.Debug|x86.ActiveCfg = Debug|Win32
		{E4F07F92-A133-4B4A-952F-9C9C4C9E24E0}.Debug|x86.Build.0 = Debug|Win32
		{E4F07F92-A133-4B4A-952F-9C9C4C9E24E0}.Release|x64.ActiveCfg = Release|x64
		{E4F07F92-A133-4B4A-952F-9C9C4C9E24E0}.Release|x64.Build.0 = Release|x64
		{E4F07F92-A133-4B4A-952F-9C9C4C9E24E0}.Release|x86.ActiveCfg = Release|Win32
		{E4F07F92-A133-4B4A-952F-9C9C4C9E24E0}.Release|x86.Build.0 = Release|Win32
		{6B72FA38-7330-4472-B1AA-29C58B5B212B}.Debug|x64.ActiveCfg = Debug|x64
		{6B72FA38-7330-4472-B1AA-29C58B5B212B}.Debug|x64.Build.0 = Debug|x64
		{6B72FA38-7330-4472-B1AA-29C58B5B212B}.Debug|x86.ActiveCfg = Debug|Win32
		{6B72FA38-7330-4472-B1AA-29C58B5B212B}.Debug|x86.Build.0 = Debug|Win32
		{6B72FA38-7330-4472-B1AA-29C58B5B212B}.Release|x64.ActiveCfg = Release|x64
		{6B72FA38-7330-4472-B1AA-29C58B5B212B}.Release|x64.Build.0 = Release|x64
		{6B72FA38-7330-4472-B1AA-29C58B5B212B}.Release|x86.ActiveCfg = Release|Win32
		{6B72FA38-7330-4472-B1AA-29C58B5B212B}.Release|x86.Build.0 = Release|Win32
		{C0A01635-6411-4B35-8376-BFFC8C215DF6}.Debug|x64.ActiveCfg = Debug|x64
		{C0A01635-6411-4B35-8376-BFFC8C215DF6}.Debug|x64.Build.0 = Debug|x64
		{C0A01635-6411-4B35-8376-BFFC8C215DF6}.Debug|x86.ActiveCfg = Debug|Win32
		{C0A01635-6411-4B35-8376-BFFC8C215DF6}.Debug|x86.Build.0 = Debug|Win32
		{C0A01635-6411-4B35-8376-BFFC8C215DF6}.Release|x64.ActiveCfg = Release|x64
		{C0A01635-6411-4B35-8376-BFFC8C215DF6}.Release|x64.Build.0 = Release|x64
		{C0A01635-6411-4B35-8376-BFFC8C215DF6}.Release|x86.ActiveCfg = Release|Win32
		{C0A01635-6411-4B35-8376-BFFC8C215DF6}.Release|x86.Build.0 = Release|Win32
		{A00EFD29-2D46-409D-95BB-0CAFBC7D4D96}.Debug|x64.ActiveCfg = Debug|x64
		{A00EFD29-2D46-409D-95BB-0CAFBC7D4D96}.Debug|x64.Build.0 = Debug|x64
		{A00EFD29-2D46-409D-95BB-0CAFBC7D4D96}.Debug|x86.ActiveCfg = Debug|Win32
		{A00EFD29-2D46-409D-95BB-0CAFBC7D4D96}.Debug|x86.Build.0 = Debug|Win32
		{A00EFD29-2D46-409D-95BB-0CAFBC7D4D96}.Release|x64.ActiveCfg = Release|x64
		{A00EFD29-2D46-409D-95BB-0CAFBC7D4D96}.Release|x64.Build.0 = Release|x64
		{A00EFD29-2D46-409D-95BB-0CAFBC7D4D96}.Release|x86.ActiveCfg = Release|Win32
		{A00EFD29-2D46-409D-95BB-0CAFBC7D4D96}.Release|x86.Build.0 = Release|Win32
		{6CFDF6DA-9EE2-4AFB-95CE-E3FBFF253BEE}.Debug|x64.ActiveCfg = Debug|x64
		{6CFDF6DA-9EE2-4AFB-95CE-E3FBFF253BEE}.Debug|x64.Build.0 = Debug|x64
		{6CFDF6DA-9EE2-4AFB-95CE-E3FBFF253BEE}.Debug|x86.ActiveCfg = Debug|Win32
		{6CFDF6DA-9EE2-4AFB-95CE-E3FBFF253BEE}.Debug|x86.Build.0 = Debug|Win32
		{6CFDF6DA-9EE2-4AFB-95CE-E3FBFF253BEE}.Release|x64.ActiveCfg = Release|x64
		{6CFDF6DA-9EE2-4AFB-95CE-E3FBFF253BEE}.Release|x64.Build.0 = Release|x64
		{6CFDF6DA-9EE2-4AFB-95CE-E3FBFF253BEE}.Release|x86.ActiveCfg = Release|Win32
		{6CFDF6DA-9EE2-4AFB-95CE-E3FBFF253BEE}.Release|x86.Build.0 = Release|Win32
		{D24E1FEF-4501-4052-A6FA-DB091249D90A}.Debug|x64.ActiveCfg = Debug|x64
		{D24E1FEF-4501-4052-A6FA-DB091249D90A}.Debug|x64.Build.0 = Debug|x64
		{D24E1FEF-4501-4052-A6FA-DB091249D90A}.Debug|x86.ActiveCfg = Debug|Win32
		{D24E1FEF-4501-4052-A6FA-DB091249D90A}.Debug|x86.Build.0 = Debug|Win32
		{D24E1FEF-4501-4052-A6FA-DB091249D90A}.Release|x64.ActiveCfg = Release|x64
		{D24E1FEF-4501-4052-A6FA-DB091249D90A}.Release|x64.Build.0 = Release|x64
		{D24E1FEF-4501-4052-A6FA-DB091249D90A}.Release|x86.ActiveCfg = Release|Win32
		{D24E1FEF-4501-4052-A6FA-DB091249D90A}.Release|x86.Build.0 = Release|Win32
	EndGlobalSection
	GlobalSection(SolutionProperties) = preSolution
		HideSolutionNode = FALSE
	EndGlobalSection
	GlobalSection(ExtensibilityGlobals) = postSolution
		SolutionGuid = {B692079B-EEDD-46E5-9EEB-C529FED0CAE6}
	EndGlobalSection
EndGlobal
